// !$*UTF8*$!
{
	archiveVersion = 1;
	classes = {
	};
	objectVersion = 46;
	objects = {

/* Begin PBXBuildFile section */
		5060BBAA23FD40FA00132CA7 /* NSString+SpaceAttributes.m in Sources */ = {isa = PBXBuildFile; fileRef = 5060BBA923FD40FA00132CA7 /* NSString+SpaceAttributes.m */; };
		A66A72431AD08CEA002EF61A /* ClientSelectDialog.xib in Resources */ = {isa = PBXBuildFile; fileRef = A66A72421AD08CEA002EF61A /* ClientSelectDialog.xib */; };
		A66A724B1AD09A7E002EF61A /* ReportTableCellView.m in Sources */ = {isa = PBXBuildFile; fileRef = A66A724A1AD09A7E002EF61A /* ReportTableCellView.m */; };
		A672E8C51A19C0B400BE3B2F /* Logging.m in Sources */ = {isa = PBXBuildFile; fileRef = A672E8C41A19C0B400BE3B2F /* Logging.m */; };
		A672E8C81A19C0C000BE3B2F /* CustomNSField.m in Sources */ = {isa = PBXBuildFile; fileRef = A672E8C71A19C0C000BE3B2F /* CustomNSField.m */; };
		A672E8CB1A19C0CE00BE3B2F /* PomodoroSound.m in Sources */ = {isa = PBXBuildFile; fileRef = A672E8CA1A19C0CE00BE3B2F /* PomodoroSound.m */; };
		A672E8CF1A19C0DC00BE3B2F /* LaunchUpWindow.m in Sources */ = {isa = PBXBuildFile; fileRef = A672E8CD1A19C0DC00BE3B2F /* LaunchUpWindow.m */; };
		A672E8D01A19C0DC00BE3B2F /* StartupCheck.xib in Resources */ = {isa = PBXBuildFile; fileRef = A672E8CE1A19C0DC00BE3B2F /* StartupCheck.xib */; };
		A672E8D71A19C0EC00BE3B2F /* BreakEnded.m in Sources */ = {isa = PBXBuildFile; fileRef = A672E8D21A19C0EC00BE3B2F /* BreakEnded.m */; };
		A672E8D81A19C0EC00BE3B2F /* BreakEnded.xib in Resources */ = {isa = PBXBuildFile; fileRef = A672E8D31A19C0EC00BE3B2F /* BreakEnded.xib */; };
		A672E8D91A19C0EC00BE3B2F /* BreakStarted.m in Sources */ = {isa = PBXBuildFile; fileRef = A672E8D51A19C0EC00BE3B2F /* BreakStarted.m */; };
		A672E8DA1A19C0EC00BE3B2F /* BreakStarted.xib in Resources */ = {isa = PBXBuildFile; fileRef = A672E8D61A19C0EC00BE3B2F /* BreakStarted.xib */; };
		A672E8E21A19C11300BE3B2F /* break_end.wav in Resources */ = {isa = PBXBuildFile; fileRef = A672E8DB1A19C11300BE3B2F /* break_end.wav */; };
		A672E8E31A19C11300BE3B2F /* countdown.wav in Resources */ = {isa = PBXBuildFile; fileRef = A672E8DC1A19C11300BE3B2F /* countdown.wav */; };
		A672E8E41A19C11300BE3B2F /* long.mp3 in Resources */ = {isa = PBXBuildFile; fileRef = A672E8DD1A19C11300BE3B2F /* long.mp3 */; };
		A672E8E51A19C11300BE3B2F /* memo.wav in Resources */ = {isa = PBXBuildFile; fileRef = A672E8DE1A19C11300BE3B2F /* memo.wav */; };
		A672E8E61A19C11300BE3B2F /* short.mp3 in Resources */ = {isa = PBXBuildFile; fileRef = A672E8DF1A19C11300BE3B2F /* short.mp3 */; };
		A672E8E71A19C11300BE3B2F /* start.mp3 in Resources */ = {isa = PBXBuildFile; fileRef = A672E8E01A19C11300BE3B2F /* start.mp3 */; };
		A672E8E81A19C11300BE3B2F /* tick.mp3 in Resources */ = {isa = PBXBuildFile; fileRef = A672E8E11A19C11300BE3B2F /* tick.mp3 */; };
		A672E8EC1A19C12E00BE3B2F /* NewClient.xib in Resources */ = {isa = PBXBuildFile; fileRef = A672E8E91A19C12E00BE3B2F /* NewClient.xib */; };
		A672E8ED1A19C12E00BE3B2F /* NewWindow.m in Sources */ = {isa = PBXBuildFile; fileRef = A672E8EB1A19C12E00BE3B2F /* NewWindow.m */; };
		A672E8F81A19C13D00BE3B2F /* break.png in Resources */ = {isa = PBXBuildFile; fileRef = A672E8EF1A19C13D00BE3B2F /* break.png */; };
		A672E8F91A19C13D00BE3B2F /* break@2x.png in Resources */ = {isa = PBXBuildFile; fileRef = A672E8F01A19C13D00BE3B2F /* break@2x.png */; };
		A672E8FA1A19C13D00BE3B2F /* pomo.png in Resources */ = {isa = PBXBuildFile; fileRef = A672E8F11A19C13D00BE3B2F /* pomo.png */; };
		A672E8FB1A19C13D00BE3B2F /* pomo@2x.png in Resources */ = {isa = PBXBuildFile; fileRef = A672E8F21A19C13D00BE3B2F /* pomo@2x.png */; };
		A672E8FC1A19C13D00BE3B2F /* red.icns in Resources */ = {isa = PBXBuildFile; fileRef = A672E8F31A19C13D00BE3B2F /* red.icns */; };
		A672E8FD1A19C13D00BE3B2F /* stop.png in Resources */ = {isa = PBXBuildFile; fileRef = A672E8F41A19C13D00BE3B2F /* stop.png */; };
		A672E8FE1A19C13D00BE3B2F /* stop@2x.png in Resources */ = {isa = PBXBuildFile; fileRef = A672E8F51A19C13D00BE3B2F /* stop@2x.png */; };
		A672E8FF1A19C13D00BE3B2F /* timer.icns in Resources */ = {isa = PBXBuildFile; fileRef = A672E8F61A19C13D00BE3B2F /* timer.icns */; };
		A672E9001A19C13D00BE3B2F /* timer.png in Resources */ = {isa = PBXBuildFile; fileRef = A672E8F71A19C13D00BE3B2F /* timer.png */; };
		A672E9061A19C14B00BE3B2F /* NSFormatter+NumberOnlyFormatter.m in Sources */ = {isa = PBXBuildFile; fileRef = A672E9021A19C14B00BE3B2F /* NSFormatter+NumberOnlyFormatter.m */; };
		A672E9071A19C14B00BE3B2F /* Preferences.xib in Resources */ = {isa = PBXBuildFile; fileRef = A672E9031A19C14B00BE3B2F /* Preferences.xib */; };
		A672E9081A19C14B00BE3B2F /* PreferenceWindow.m in Sources */ = {isa = PBXBuildFile; fileRef = A672E9051A19C14B00BE3B2F /* PreferenceWindow.m */; };
		A672E90D1A19C16300BE3B2F /* NSBundle+LoginItem.m in Sources */ = {isa = PBXBuildFile; fileRef = A672E90A1A19C16300BE3B2F /* NSBundle+LoginItem.m */; };
		A672E90E1A19C16300BE3B2F /* Utilities.m in Sources */ = {isa = PBXBuildFile; fileRef = A672E90C1A19C16300BE3B2F /* Utilities.m */; };
		A672E9111A19C17400BE3B2F /* TimerDatabase.m in Sources */ = {isa = PBXBuildFile; fileRef = A672E9101A19C17400BE3B2F /* TimerDatabase.m */; };
		A672E9191A19C18800BE3B2F /* MemoWindow.m in Sources */ = {isa = PBXBuildFile; fileRef = A672E9131A19C18800BE3B2F /* MemoWindow.m */; };
		A672E91A1A19C18800BE3B2F /* MemoWindow.xib in Resources */ = {isa = PBXBuildFile; fileRef = A672E9141A19C18800BE3B2F /* MemoWindow.xib */; };
		A672E91B1A19C18800BE3B2F /* MemoWindowButtonView.m in Sources */ = {isa = PBXBuildFile; fileRef = A672E9161A19C18800BE3B2F /* MemoWindowButtonView.m */; };
		A672E91C1A19C18800BE3B2F /* SelectableTextView.m in Sources */ = {isa = PBXBuildFile; fileRef = A672E9181A19C18800BE3B2F /* SelectableTextView.m */; };
		A672E9201A19C1A900BE3B2F /* CHCSVParser.m in Sources */ = {isa = PBXBuildFile; fileRef = A672E91F1A19C1A900BE3B2F /* CHCSVParser.m */; };
		A672E93C1A19C57D00BE3B2F /* MainMenu.xib in Resources */ = {isa = PBXBuildFile; fileRef = A672E92D1A19C57D00BE3B2F /* MainMenu.xib */; };
		A672E93D1A19C57D00BE3B2F /* Credits.rtf in Resources */ = {isa = PBXBuildFile; fileRef = A672E9301A19C57D00BE3B2F /* Credits.rtf */; };
		A672E93E1A19C57D00BE3B2F /* InfoPlist.strings in Resources */ = {isa = PBXBuildFile; fileRef = A672E9321A19C57D00BE3B2F /* InfoPlist.strings */; };
		A672E93F1A19C57D00BE3B2F /* AppDelegate.m in Sources */ = {isa = PBXBuildFile; fileRef = A672E9361A19C57D00BE3B2F /* AppDelegate.m */; };
		A672E9401A19C57D00BE3B2F /* main.m in Sources */ = {isa = PBXBuildFile; fileRef = A672E9371A19C57D00BE3B2F /* main.m */; };
		A672E9411A19C57D00BE3B2F /* Pigeon Timer-Info.plist in Resources */ = {isa = PBXBuildFile; fileRef = A672E9381A19C57D00BE3B2F /* Pigeon Timer-Info.plist */; };
		A672E9421A19C57D00BE3B2F /* TimerApplication.m in Sources */ = {isa = PBXBuildFile; fileRef = A672E93B1A19C57D00BE3B2F /* TimerApplication.m */; };
		A672E9441A19C63F00BE3B2F /* Images.xcassets in Resources */ = {isa = PBXBuildFile; fileRef = A672E9431A19C63F00BE3B2F /* Images.xcassets */; };
		A68FE0F31953D45A004B98AA /* Cocoa.framework in Frameworks */ = {isa = PBXBuildFile; fileRef = A68FE0F21953D45A004B98AA /* Cocoa.framework */; };
		A68FE139195492A4004B98AA /* libsqlite3.dylib in Frameworks */ = {isa = PBXBuildFile; fileRef = A68FE138195492A4004B98AA /* libsqlite3.dylib */; };
/* End PBXBuildFile section */

/* Begin PBXFileReference section */
		5060BBA823FD40FA00132CA7 /* NSString+SpaceAttributes.h */ = {isa = PBXFileReference; lastKnownFileType = sourcecode.c.h; name = "NSString+SpaceAttributes.h"; path = "Pigeon Timer/Utilities/NSString+SpaceAttributes.h"; sourceTree = "<group>"; };
		5060BBA923FD40FA00132CA7 /* NSString+SpaceAttributes.m */ = {isa = PBXFileReference; lastKnownFileType = sourcecode.c.objc; name = "NSString+SpaceAttributes.m"; path = "Pigeon Timer/Utilities/NSString+SpaceAttributes.m"; sourceTree = "<group>"; };
		A66A72421AD08CEA002EF61A /* ClientSelectDialog.xib */ = {isa = PBXFileReference; fileEncoding = 4; lastKnownFileType = file.xib; path = ClientSelectDialog.xib; sourceTree = "<group>"; };
		A66A72491AD09A7E002EF61A /* ReportTableCellView.h */ = {isa = PBXFileReference; fileEncoding = 4; lastKnownFileType = sourcecode.c.h; path = ReportTableCellView.h; sourceTree = "<group>"; };
		A66A724A1AD09A7E002EF61A /* ReportTableCellView.m */ = {isa = PBXFileReference; fileEncoding = 4; lastKnownFileType = sourcecode.c.objc; path = ReportTableCellView.m; sourceTree = "<group>"; };
		A672E8C31A19C0B400BE3B2F /* Logging.h */ = {isa = PBXFileReference; fileEncoding = 4; lastKnownFileType = sourcecode.c.h; name = Logging.h; path = "Pigeon Timer/Logging/Logging.h"; sourceTree = "<group>"; };
		A672E8C41A19C0B400BE3B2F /* Logging.m */ = {isa = PBXFileReference; fileEncoding = 4; lastKnownFileType = sourcecode.c.objc; name = Logging.m; path = "Pigeon Timer/Logging/Logging.m"; sourceTree = "<group>"; };
		A672E8C61A19C0C000BE3B2F /* CustomNSField.h */ = {isa = PBXFileReference; fileEncoding = 4; lastKnownFileType = sourcecode.c.h; name = CustomNSField.h; path = "Pigeon Timer/CustomTextField/CustomNSField.h"; sourceTree = "<group>"; };
		A672E8C71A19C0C000BE3B2F /* CustomNSField.m */ = {isa = PBXFileReference; fileEncoding = 4; lastKnownFileType = sourcecode.c.objc; name = CustomNSField.m; path = "Pigeon Timer/CustomTextField/CustomNSField.m"; sourceTree = "<group>"; };
		A672E8C91A19C0CE00BE3B2F /* PomodoroSound.h */ = {isa = PBXFileReference; fileEncoding = 4; lastKnownFileType = sourcecode.c.h; name = PomodoroSound.h; path = "Pigeon Timer/PomodoroSound/PomodoroSound.h"; sourceTree = "<group>"; };
		A672E8CA1A19C0CE00BE3B2F /* PomodoroSound.m */ = {isa = PBXFileReference; fileEncoding = 4; lastKnownFileType = sourcecode.c.objc; name = PomodoroSound.m; path = "Pigeon Timer/PomodoroSound/PomodoroSound.m"; sourceTree = "<group>"; };
		A672E8CC1A19C0DC00BE3B2F /* LaunchUpWindow.h */ = {isa = PBXFileReference; fileEncoding = 4; lastKnownFileType = sourcecode.c.h; name = LaunchUpWindow.h; path = "Pigeon Timer/LaunchUp/LaunchUpWindow.h"; sourceTree = "<group>"; };
		A672E8CD1A19C0DC00BE3B2F /* LaunchUpWindow.m */ = {isa = PBXFileReference; fileEncoding = 4; lastKnownFileType = sourcecode.c.objc; name = LaunchUpWindow.m; path = "Pigeon Timer/LaunchUp/LaunchUpWindow.m"; sourceTree = "<group>"; };
		A672E8CE1A19C0DC00BE3B2F /* StartupCheck.xib */ = {isa = PBXFileReference; fileEncoding = 4; lastKnownFileType = file.xib; name = StartupCheck.xib; path = "Pigeon Timer/LaunchUp/StartupCheck.xib"; sourceTree = "<group>"; };
		A672E8D11A19C0EC00BE3B2F /* BreakEnded.h */ = {isa = PBXFileReference; fileEncoding = 4; lastKnownFileType = sourcecode.c.h; name = BreakEnded.h; path = "Pigeon Timer/Break/BreakEnded.h"; sourceTree = "<group>"; };
		A672E8D21A19C0EC00BE3B2F /* BreakEnded.m */ = {isa = PBXFileReference; fileEncoding = 4; lastKnownFileType = sourcecode.c.objc; name = BreakEnded.m; path = "Pigeon Timer/Break/BreakEnded.m"; sourceTree = "<group>"; };
		A672E8D31A19C0EC00BE3B2F /* BreakEnded.xib */ = {isa = PBXFileReference; fileEncoding = 4; lastKnownFileType = file.xib; name = BreakEnded.xib; path = "Pigeon Timer/Break/BreakEnded.xib"; sourceTree = "<group>"; };
		A672E8D41A19C0EC00BE3B2F /* BreakStarted.h */ = {isa = PBXFileReference; fileEncoding = 4; lastKnownFileType = sourcecode.c.h; name = BreakStarted.h; path = "Pigeon Timer/Break/BreakStarted.h"; sourceTree = "<group>"; };
		A672E8D51A19C0EC00BE3B2F /* BreakStarted.m */ = {isa = PBXFileReference; fileEncoding = 4; lastKnownFileType = sourcecode.c.objc; name = BreakStarted.m; path = "Pigeon Timer/Break/BreakStarted.m"; sourceTree = "<group>"; };
		A672E8D61A19C0EC00BE3B2F /* BreakStarted.xib */ = {isa = PBXFileReference; fileEncoding = 4; lastKnownFileType = file.xib; name = BreakStarted.xib; path = "Pigeon Timer/Break/BreakStarted.xib"; sourceTree = "<group>"; };
		A672E8DB1A19C11300BE3B2F /* break_end.wav */ = {isa = PBXFileReference; lastKnownFileType = audio.wav; name = break_end.wav; path = "Pigeon Timer/sounds/break_end.wav"; sourceTree = SOURCE_ROOT; };
		A672E8DC1A19C11300BE3B2F /* countdown.wav */ = {isa = PBXFileReference; lastKnownFileType = audio.wav; name = countdown.wav; path = "Pigeon Timer/sounds/countdown.wav"; sourceTree = SOURCE_ROOT; };
		A672E8DD1A19C11300BE3B2F /* long.mp3 */ = {isa = PBXFileReference; lastKnownFileType = audio.mp3; name = long.mp3; path = "Pigeon Timer/sounds/long.mp3"; sourceTree = SOURCE_ROOT; };
		A672E8DE1A19C11300BE3B2F /* memo.wav */ = {isa = PBXFileReference; lastKnownFileType = audio.wav; name = memo.wav; path = "Pigeon Timer/sounds/memo.wav"; sourceTree = SOURCE_ROOT; };
		A672E8DF1A19C11300BE3B2F /* short.mp3 */ = {isa = PBXFileReference; lastKnownFileType = audio.mp3; name = short.mp3; path = "Pigeon Timer/sounds/short.mp3"; sourceTree = SOURCE_ROOT; };
		A672E8E01A19C11300BE3B2F /* start.mp3 */ = {isa = PBXFileReference; lastKnownFileType = audio.mp3; name = start.mp3; path = "Pigeon Timer/sounds/start.mp3"; sourceTree = SOURCE_ROOT; };
		A672E8E11A19C11300BE3B2F /* tick.mp3 */ = {isa = PBXFileReference; lastKnownFileType = audio.mp3; name = tick.mp3; path = "Pigeon Timer/sounds/tick.mp3"; sourceTree = SOURCE_ROOT; };
		A672E8E91A19C12E00BE3B2F /* NewClient.xib */ = {isa = PBXFileReference; fileEncoding = 4; lastKnownFileType = file.xib; name = NewClient.xib; path = "Pigeon Timer/newClientWindow/NewClient.xib"; sourceTree = "<group>"; };
		A672E8EA1A19C12E00BE3B2F /* NewWindow.h */ = {isa = PBXFileReference; fileEncoding = 4; lastKnownFileType = sourcecode.c.h; name = NewWindow.h; path = "Pigeon Timer/newClientWindow/NewWindow.h"; sourceTree = "<group>"; };
		A672E8EB1A19C12E00BE3B2F /* NewWindow.m */ = {isa = PBXFileReference; fileEncoding = 4; lastKnownFileType = sourcecode.c.objc; name = NewWindow.m; path = "Pigeon Timer/newClientWindow/NewWindow.m"; sourceTree = "<group>"; };
		A672E8EF1A19C13D00BE3B2F /* break.png */ = {isa = PBXFileReference; lastKnownFileType = image.png; path = break.png; sourceTree = "<group>"; };
		A672E8F01A19C13D00BE3B2F /* break@2x.png */ = {isa = PBXFileReference; lastKnownFileType = image.png; path = "break@2x.png"; sourceTree = "<group>"; };
		A672E8F11A19C13D00BE3B2F /* pomo.png */ = {isa = PBXFileReference; lastKnownFileType = image.png; path = pomo.png; sourceTree = "<group>"; };
		A672E8F21A19C13D00BE3B2F /* pomo@2x.png */ = {isa = PBXFileReference; lastKnownFileType = image.png; path = "pomo@2x.png"; sourceTree = "<group>"; };
		A672E8F31A19C13D00BE3B2F /* red.icns */ = {isa = PBXFileReference; lastKnownFileType = image.icns; path = red.icns; sourceTree = "<group>"; };
		A672E8F41A19C13D00BE3B2F /* stop.png */ = {isa = PBXFileReference; lastKnownFileType = image.png; path = stop.png; sourceTree = "<group>"; };
		A672E8F51A19C13D00BE3B2F /* stop@2x.png */ = {isa = PBXFileReference; lastKnownFileType = image.png; path = "stop@2x.png"; sourceTree = "<group>"; };
		A672E8F61A19C13D00BE3B2F /* timer.icns */ = {isa = PBXFileReference; lastKnownFileType = image.icns; path = timer.icns; sourceTree = "<group>"; };
		A672E8F71A19C13D00BE3B2F /* timer.png */ = {isa = PBXFileReference; lastKnownFileType = image.png; path = timer.png; sourceTree = "<group>"; };
		A672E9011A19C14B00BE3B2F /* NSFormatter+NumberOnlyFormatter.h */ = {isa = PBXFileReference; fileEncoding = 4; lastKnownFileType = sourcecode.c.h; name = "NSFormatter+NumberOnlyFormatter.h"; path = "Pigeon Timer/Preferences/NSFormatter+NumberOnlyFormatter.h"; sourceTree = "<group>"; };
		A672E9021A19C14B00BE3B2F /* NSFormatter+NumberOnlyFormatter.m */ = {isa = PBXFileReference; fileEncoding = 4; lastKnownFileType = sourcecode.c.objc; name = "NSFormatter+NumberOnlyFormatter.m"; path = "Pigeon Timer/Preferences/NSFormatter+NumberOnlyFormatter.m"; sourceTree = "<group>"; };
		A672E9031A19C14B00BE3B2F /* Preferences.xib */ = {isa = PBXFileReference; fileEncoding = 4; lastKnownFileType = file.xib; name = Preferences.xib; path = "Pigeon Timer/Preferences/Preferences.xib"; sourceTree = "<group>"; };
		A672E9041A19C14B00BE3B2F /* PreferenceWindow.h */ = {isa = PBXFileReference; fileEncoding = 4; lastKnownFileType = sourcecode.c.h; name = PreferenceWindow.h; path = "Pigeon Timer/Preferences/PreferenceWindow.h"; sourceTree = "<group>"; };
		A672E9051A19C14B00BE3B2F /* PreferenceWindow.m */ = {isa = PBXFileReference; fileEncoding = 4; lastKnownFileType = sourcecode.c.objc; name = PreferenceWindow.m; path = "Pigeon Timer/Preferences/PreferenceWindow.m"; sourceTree = "<group>"; };
		A672E9091A19C16300BE3B2F /* NSBundle+LoginItem.h */ = {isa = PBXFileReference; fileEncoding = 4; lastKnownFileType = sourcecode.c.h; name = "NSBundle+LoginItem.h"; path = "Pigeon Timer/Utilities/NSBundle+LoginItem.h"; sourceTree = "<group>"; };
		A672E90A1A19C16300BE3B2F /* NSBundle+LoginItem.m */ = {isa = PBXFileReference; fileEncoding = 4; lastKnownFileType = sourcecode.c.objc; name = "NSBundle+LoginItem.m"; path = "Pigeon Timer/Utilities/NSBundle+LoginItem.m"; sourceTree = "<group>"; };
		A672E90B1A19C16300BE3B2F /* Utilities.h */ = {isa = PBXFileReference; fileEncoding = 4; lastKnownFileType = sourcecode.c.h; name = Utilities.h; path = "Pigeon Timer/Utilities/Utilities.h"; sourceTree = "<group>"; };
		A672E90C1A19C16300BE3B2F /* Utilities.m */ = {isa = PBXFileReference; fileEncoding = 4; lastKnownFileType = sourcecode.c.objc; name = Utilities.m; path = "Pigeon Timer/Utilities/Utilities.m"; sourceTree = "<group>"; };
		A672E90F1A19C17400BE3B2F /* TimerDatabase.h */ = {isa = PBXFileReference; fileEncoding = 4; lastKnownFileType = sourcecode.c.h; name = TimerDatabase.h; path = "Pigeon Timer/TimerDatabase/TimerDatabase.h"; sourceTree = "<group>"; };
		A672E9101A19C17400BE3B2F /* TimerDatabase.m */ = {isa = PBXFileReference; fileEncoding = 4; lastKnownFileType = sourcecode.c.objc; name = TimerDatabase.m; path = "Pigeon Timer/TimerDatabase/TimerDatabase.m"; sourceTree = "<group>"; };
		A672E9121A19C18800BE3B2F /* MemoWindow.h */ = {isa = PBXFileReference; fileEncoding = 4; lastKnownFileType = sourcecode.c.h; name = MemoWindow.h; path = "Pigeon Timer/MemoWindow/MemoWindow.h"; sourceTree = "<group>"; };
		A672E9131A19C18800BE3B2F /* MemoWindow.m */ = {isa = PBXFileReference; fileEncoding = 4; lastKnownFileType = sourcecode.c.objc; name = MemoWindow.m; path = "Pigeon Timer/MemoWindow/MemoWindow.m"; sourceTree = "<group>"; };
		A672E9141A19C18800BE3B2F /* MemoWindow.xib */ = {isa = PBXFileReference; fileEncoding = 4; lastKnownFileType = file.xib; name = MemoWindow.xib; path = "Pigeon Timer/MemoWindow/MemoWindow.xib"; sourceTree = "<group>"; };
		A672E9151A19C18800BE3B2F /* MemoWindowButtonView.h */ = {isa = PBXFileReference; fileEncoding = 4; lastKnownFileType = sourcecode.c.h; name = MemoWindowButtonView.h; path = "Pigeon Timer/MemoWindow/MemoWindowButtonView.h"; sourceTree = "<group>"; };
		A672E9161A19C18800BE3B2F /* MemoWindowButtonView.m */ = {isa = PBXFileReference; fileEncoding = 4; lastKnownFileType = sourcecode.c.objc; name = MemoWindowButtonView.m; path = "Pigeon Timer/MemoWindow/MemoWindowButtonView.m"; sourceTree = "<group>"; };
		A672E9171A19C18800BE3B2F /* SelectableTextView.h */ = {isa = PBXFileReference; fileEncoding = 4; lastKnownFileType = sourcecode.c.h; name = SelectableTextView.h; path = "Pigeon Timer/MemoWindow/SelectableTextView.h"; sourceTree = "<group>"; };
		A672E9181A19C18800BE3B2F /* SelectableTextView.m */ = {isa = PBXFileReference; fileEncoding = 4; lastKnownFileType = sourcecode.c.objc; name = SelectableTextView.m; path = "Pigeon Timer/MemoWindow/SelectableTextView.m"; sourceTree = "<group>"; };
		A672E91E1A19C1A900BE3B2F /* CHCSVParser.h */ = {isa = PBXFileReference; fileEncoding = 4; lastKnownFileType = sourcecode.c.h; path = CHCSVParser.h; sourceTree = "<group>"; };
		A672E91F1A19C1A900BE3B2F /* CHCSVParser.m */ = {isa = PBXFileReference; fileEncoding = 4; lastKnownFileType = sourcecode.c.objc; path = CHCSVParser.m; sourceTree = "<group>"; };
		A672E92E1A19C57D00BE3B2F /* Base */ = {isa = PBXFileReference; lastKnownFileType = file.xib; name = Base; path = MainMenu.xib; sourceTree = "<group>"; };
		A672E9311A19C57D00BE3B2F /* en */ = {isa = PBXFileReference; lastKnownFileType = text.rtf; name = en; path = Credits.rtf; sourceTree = "<group>"; };
		A672E9331A19C57D00BE3B2F /* en */ = {isa = PBXFileReference; lastKnownFileType = text.plist.strings; name = en; path = InfoPlist.strings; sourceTree = "<group>"; };
		A672E9351A19C57D00BE3B2F /* AppDelegate.h */ = {isa = PBXFileReference; fileEncoding = 4; lastKnownFileType = sourcecode.c.h; path = AppDelegate.h; sourceTree = "<group>"; };
		A672E9361A19C57D00BE3B2F /* AppDelegate.m */ = {isa = PBXFileReference; fileEncoding = 4; lastKnownFileType = sourcecode.c.objc; path = AppDelegate.m; sourceTree = "<group>"; };
		A672E9371A19C57D00BE3B2F /* main.m */ = {isa = PBXFileReference; fileEncoding = 4; lastKnownFileType = sourcecode.c.objc; path = main.m; sourceTree = "<group>"; };
		A672E9381A19C57D00BE3B2F /* Pigeon Timer-Info.plist */ = {isa = PBXFileReference; fileEncoding = 4; lastKnownFileType = text.plist.xml; path = "Pigeon Timer-Info.plist"; sourceTree = "<group>"; };
		A672E9391A19C57D00BE3B2F /* Pigeon Timer-Prefix.pch */ = {isa = PBXFileReference; fileEncoding = 4; lastKnownFileType = sourcecode.c.h; path = "Pigeon Timer-Prefix.pch"; sourceTree = "<group>"; };
		A672E93A1A19C57D00BE3B2F /* TimerApplication.h */ = {isa = PBXFileReference; fileEncoding = 4; lastKnownFileType = sourcecode.c.h; path = TimerApplication.h; sourceTree = "<group>"; };
		A672E93B1A19C57D00BE3B2F /* TimerApplication.m */ = {isa = PBXFileReference; fileEncoding = 4; lastKnownFileType = sourcecode.c.objc; path = TimerApplication.m; sourceTree = "<group>"; };
		A672E9431A19C63F00BE3B2F /* Images.xcassets */ = {isa = PBXFileReference; lastKnownFileType = folder.assetcatalog; name = Images.xcassets; path = "Pigeon Timer/Images.xcassets"; sourceTree = "<group>"; };
		A68FE0EF1953D45A004B98AA /* Pigeon Timer.app */ = {isa = PBXFileReference; explicitFileType = wrapper.application; includeInIndex = 0; path = "Pigeon Timer.app"; sourceTree = BUILT_PRODUCTS_DIR; };
		A68FE0F21953D45A004B98AA /* Cocoa.framework */ = {isa = PBXFileReference; lastKnownFileType = wrapper.framework; name = Cocoa.framework; path = System/Library/Frameworks/Cocoa.framework; sourceTree = SDKROOT; };
		A68FE0F51953D45A004B98AA /* AppKit.framework */ = {isa = PBXFileReference; lastKnownFileType = wrapper.framework; name = AppKit.framework; path = System/Library/Frameworks/AppKit.framework; sourceTree = SDKROOT; };
		A68FE0F61953D45A004B98AA /* CoreData.framework */ = {isa = PBXFileReference; lastKnownFileType = wrapper.framework; name = CoreData.framework; path = System/Library/Frameworks/CoreData.framework; sourceTree = SDKROOT; };
		A68FE0F71953D45A004B98AA /* Foundation.framework */ = {isa = PBXFileReference; lastKnownFileType = wrapper.framework; name = Foundation.framework; path = System/Library/Frameworks/Foundation.framework; sourceTree = SDKROOT; };
		A68FE1111953D45A004B98AA /* XCTest.framework */ = {isa = PBXFileReference; lastKnownFileType = wrapper.framework; name = XCTest.framework; path = Library/Frameworks/XCTest.framework; sourceTree = DEVELOPER_DIR; };
		A68FE138195492A4004B98AA /* libsqlite3.dylib */ = {isa = PBXFileReference; lastKnownFileType = "compiled.mach-o.dylib"; name = libsqlite3.dylib; path = usr/lib/libsqlite3.dylib; sourceTree = SDKROOT; };
/* End PBXFileReference section */

/* Begin PBXFrameworksBuildPhase section */
		A68FE0EC1953D45A004B98AA /* Frameworks */ = {
			isa = PBXFrameworksBuildPhase;
			buildActionMask = 2147483647;
			files = (
				A68FE139195492A4004B98AA /* libsqlite3.dylib in Frameworks */,
				A68FE0F31953D45A004B98AA /* Cocoa.framework in Frameworks */,
			);
			runOnlyForDeploymentPostprocessing = 0;
		};
/* End PBXFrameworksBuildPhase section */

/* Begin PBXGroup section */
		A61409091957D49900A6229B /* newClientWindow */ = {
			isa = PBXGroup;
			children = (
				A672E8E91A19C12E00BE3B2F /* NewClient.xib */,
				A672E8EA1A19C12E00BE3B2F /* NewWindow.h */,
				A672E8EB1A19C12E00BE3B2F /* NewWindow.m */,
			);
			name = newClientWindow;
			sourceTree = "<group>";
		};
		A614097B195B1B4E00A6229B /* sounds */ = {
			isa = PBXGroup;
			children = (
				A672E8DB1A19C11300BE3B2F /* break_end.wav */,
				A672E8DC1A19C11300BE3B2F /* countdown.wav */,
				A672E8DD1A19C11300BE3B2F /* long.mp3 */,
				A672E8DE1A19C11300BE3B2F /* memo.wav */,
				A672E8DF1A19C11300BE3B2F /* short.mp3 */,
				A672E8E01A19C11300BE3B2F /* start.mp3 */,
				A672E8E11A19C11300BE3B2F /* tick.mp3 */,
			);
			name = sounds;
			path = Timer/sounds;
			sourceTree = "<group>";
		};
		A6140984195B9A7000A6229B /* Break */ = {
			isa = PBXGroup;
			children = (
				A672E8D11A19C0EC00BE3B2F /* BreakEnded.h */,
				A672E8D21A19C0EC00BE3B2F /* BreakEnded.m */,
				A672E8D31A19C0EC00BE3B2F /* BreakEnded.xib */,
				A672E8D41A19C0EC00BE3B2F /* BreakStarted.h */,
				A672E8D51A19C0EC00BE3B2F /* BreakStarted.m */,
				A672E8D61A19C0EC00BE3B2F /* BreakStarted.xib */,
			);
			name = Break;
			sourceTree = "<group>";
		};
		A614099F195E2B6D00A6229B /* LaunchUp */ = {
			isa = PBXGroup;
			children = (
				A672E8CC1A19C0DC00BE3B2F /* LaunchUpWindow.h */,
				A672E8CD1A19C0DC00BE3B2F /* LaunchUpWindow.m */,
				A672E8CE1A19C0DC00BE3B2F /* StartupCheck.xib */,
			);
			name = LaunchUp;
			sourceTree = "<group>";
		};
		A61409A8195F405100A6229B /* PomodoroSound */ = {
			isa = PBXGroup;
			children = (
				A672E8C91A19C0CE00BE3B2F /* PomodoroSound.h */,
				A672E8CA1A19C0CE00BE3B2F /* PomodoroSound.m */,
			);
			name = PomodoroSound;
			sourceTree = "<group>";
		};
		A66A72411AD08CD1002EF61A /* ClientSelectDialog */ = {
			isa = PBXGroup;
			children = (
				A66A72421AD08CEA002EF61A /* ClientSelectDialog.xib */,
				A66A72491AD09A7E002EF61A /* ReportTableCellView.h */,
				A66A724A1AD09A7E002EF61A /* ReportTableCellView.m */,
			);
			name = ClientSelectDialog;
			path = "Pigeon Timer/ClientSelectDialog";
			sourceTree = "<group>";
		};
		A672E8EE1A19C13D00BE3B2F /* images */ = {
			isa = PBXGroup;
			children = (
				A672E8EF1A19C13D00BE3B2F /* break.png */,
				A672E8F01A19C13D00BE3B2F /* break@2x.png */,
				A672E8F11A19C13D00BE3B2F /* pomo.png */,
				A672E8F21A19C13D00BE3B2F /* pomo@2x.png */,
				A672E8F31A19C13D00BE3B2F /* red.icns */,
				A672E8F41A19C13D00BE3B2F /* stop.png */,
				A672E8F51A19C13D00BE3B2F /* stop@2x.png */,
				A672E8F61A19C13D00BE3B2F /* timer.icns */,
				A672E8F71A19C13D00BE3B2F /* timer.png */,
			);
			name = images;
			path = "Pigeon Timer/images";
			sourceTree = "<group>";
		};
		A672E91D1A19C1A900BE3B2F /* CHCSVParser */ = {
			isa = PBXGroup;
			children = (
				A672E91E1A19C1A900BE3B2F /* CHCSVParser.h */,
				A672E91F1A19C1A900BE3B2F /* CHCSVParser.m */,
			);
			name = CHCSVParser;
			path = "Pigeon Timer/CHCSVParser";
			sourceTree = "<group>";
		};
		A672E92C1A19C57D00BE3B2F /* Base.lproj */ = {
			isa = PBXGroup;
			children = (
				A672E92D1A19C57D00BE3B2F /* MainMenu.xib */,
			);
			name = Base.lproj;
			path = "Pigeon Timer/Base.lproj";
			sourceTree = "<group>";
		};
		A672E92F1A19C57D00BE3B2F /* en.lproj */ = {
			isa = PBXGroup;
			children = (
				A672E9301A19C57D00BE3B2F /* Credits.rtf */,
				A672E9321A19C57D00BE3B2F /* InfoPlist.strings */,
			);
			name = en.lproj;
			path = "Pigeon Timer/en.lproj";
			sourceTree = "<group>";
		};
		A672E9341A19C57D00BE3B2F /* TimerApplication */ = {
			isa = PBXGroup;
			children = (
				A672E9351A19C57D00BE3B2F /* AppDelegate.h */,
				A672E9361A19C57D00BE3B2F /* AppDelegate.m */,
				A672E9371A19C57D00BE3B2F /* main.m */,
				A672E9381A19C57D00BE3B2F /* Pigeon Timer-Info.plist */,
				A672E9391A19C57D00BE3B2F /* Pigeon Timer-Prefix.pch */,
				A672E93A1A19C57D00BE3B2F /* TimerApplication.h */,
				A672E93B1A19C57D00BE3B2F /* TimerApplication.m */,
			);
			name = TimerApplication;
			path = "Pigeon Timer/TimerApplication";
			sourceTree = "<group>";
		};
		A68FE0E61953D45A004B98AA = {
			isa = PBXGroup;
			children = (
				A66A72411AD08CD1002EF61A /* ClientSelectDialog */,
				A672E9431A19C63F00BE3B2F /* Images.xcassets */,
				A672E92C1A19C57D00BE3B2F /* Base.lproj */,
				A672E92F1A19C57D00BE3B2F /* en.lproj */,
				A672E9341A19C57D00BE3B2F /* TimerApplication */,
				A672E91D1A19C1A900BE3B2F /* CHCSVParser */,
				A672E8EE1A19C13D00BE3B2F /* images */,
				A6ADB9DB1971AFFB003F3487 /* Logging */,
				A6ADB923196D1DD8003F3487 /* CustomTextField */,
				A61409A8195F405100A6229B /* PomodoroSound */,
				A614099F195E2B6D00A6229B /* LaunchUp */,
				A6140984195B9A7000A6229B /* Break */,
				A614097B195B1B4E00A6229B /* sounds */,
				A61409091957D49900A6229B /* newClientWindow */,
				A68FE13A1954B1D7004B98AA /* Preferences */,
				A68FE13419548C94004B98AA /* Utilities */,
				A68FE13019543D71004B98AA /* TimerDatabase */,
				A68FE12A1953DCEB004B98AA /* MemoWindow */,
				A68FE0F81953D45A004B98AA /* Timer */,
				A68FE0F11953D45A004B98AA /* Frameworks */,
				A68FE0F01953D45A004B98AA /* Products */,
			);
			sourceTree = "<group>";
		};
		A68FE0F01953D45A004B98AA /* Products */ = {
			isa = PBXGroup;
			children = (
				A68FE0EF1953D45A004B98AA /* Pigeon Timer.app */,
			);
			name = Products;
			sourceTree = "<group>";
		};
		A68FE0F11953D45A004B98AA /* Frameworks */ = {
			isa = PBXGroup;
			children = (
				A68FE138195492A4004B98AA /* libsqlite3.dylib */,
				A68FE0F21953D45A004B98AA /* Cocoa.framework */,
				A68FE1111953D45A004B98AA /* XCTest.framework */,
				A68FE0F41953D45A004B98AA /* Other Frameworks */,
			);
			name = Frameworks;
			sourceTree = "<group>";
		};
		A68FE0F41953D45A004B98AA /* Other Frameworks */ = {
			isa = PBXGroup;
			children = (
				A68FE0F51953D45A004B98AA /* AppKit.framework */,
				A68FE0F61953D45A004B98AA /* CoreData.framework */,
				A68FE0F71953D45A004B98AA /* Foundation.framework */,
			);
			name = "Other Frameworks";
			sourceTree = "<group>";
		};
		A68FE0F81953D45A004B98AA /* Timer */ = {
			isa = PBXGroup;
			children = (
				A68FE0F91953D45A004B98AA /* Supporting Files */,
			);
			path = Timer;
			sourceTree = "<group>";
		};
		A68FE0F91953D45A004B98AA /* Supporting Files */ = {
			isa = PBXGroup;
			children = (
			);
			name = "Supporting Files";
			sourceTree = "<group>";
		};
		A68FE12A1953DCEB004B98AA /* MemoWindow */ = {
			isa = PBXGroup;
			children = (
				A672E9121A19C18800BE3B2F /* MemoWindow.h */,
				A672E9131A19C18800BE3B2F /* MemoWindow.m */,
				A672E9141A19C18800BE3B2F /* MemoWindow.xib */,
				A672E9151A19C18800BE3B2F /* MemoWindowButtonView.h */,
				A672E9161A19C18800BE3B2F /* MemoWindowButtonView.m */,
				A672E9171A19C18800BE3B2F /* SelectableTextView.h */,
				A672E9181A19C18800BE3B2F /* SelectableTextView.m */,
			);
			name = MemoWindow;
			sourceTree = "<group>";
		};
		A68FE13019543D71004B98AA /* TimerDatabase */ = {
			isa = PBXGroup;
			children = (
				A672E90F1A19C17400BE3B2F /* TimerDatabase.h */,
				A672E9101A19C17400BE3B2F /* TimerDatabase.m */,
			);
			name = TimerDatabase;
			sourceTree = "<group>";
		};
		A68FE13419548C94004B98AA /* Utilities */ = {
			isa = PBXGroup;
			children = (
				A672E9091A19C16300BE3B2F /* NSBundle+LoginItem.h */,
				A672E90A1A19C16300BE3B2F /* NSBundle+LoginItem.m */,
				A672E90B1A19C16300BE3B2F /* Utilities.h */,
				A672E90C1A19C16300BE3B2F /* Utilities.m */,
				5060BBA823FD40FA00132CA7 /* NSString+SpaceAttributes.h */,
				5060BBA923FD40FA00132CA7 /* NSString+SpaceAttributes.m */,
			);
			name = Utilities;
			sourceTree = "<group>";
		};
		A68FE13A1954B1D7004B98AA /* Preferences */ = {
			isa = PBXGroup;
			children = (
				A672E9011A19C14B00BE3B2F /* NSFormatter+NumberOnlyFormatter.h */,
				A672E9021A19C14B00BE3B2F /* NSFormatter+NumberOnlyFormatter.m */,
				A672E9031A19C14B00BE3B2F /* Preferences.xib */,
				A672E9041A19C14B00BE3B2F /* PreferenceWindow.h */,
				A672E9051A19C14B00BE3B2F /* PreferenceWindow.m */,
			);
			name = Preferences;
			sourceTree = "<group>";
		};
		A6ADB923196D1DD8003F3487 /* CustomTextField */ = {
			isa = PBXGroup;
			children = (
				A672E8C61A19C0C000BE3B2F /* CustomNSField.h */,
				A672E8C71A19C0C000BE3B2F /* CustomNSField.m */,
			);
			name = CustomTextField;
			sourceTree = "<group>";
		};
		A6ADB9DB1971AFFB003F3487 /* Logging */ = {
			isa = PBXGroup;
			children = (
				A672E8C31A19C0B400BE3B2F /* Logging.h */,
				A672E8C41A19C0B400BE3B2F /* Logging.m */,
			);
			name = Logging;
			sourceTree = "<group>";
		};
/* End PBXGroup section */

/* Begin PBXNativeTarget section */
		A68FE0EE1953D45A004B98AA /* Pigeon Timer */ = {
			isa = PBXNativeTarget;
			buildConfigurationList = A68FE1201953D45A004B98AA /* Build configuration list for PBXNativeTarget "Pigeon Timer" */;
			buildPhases = (
				A68FE0EB1953D45A004B98AA /* Sources */,
				A68FE0EC1953D45A004B98AA /* Frameworks */,
				A68FE0ED1953D45A004B98AA /* Resources */,
			);
			buildRules = (
			);
			dependencies = (
			);
			name = "Pigeon Timer";
			productName = Timer;
			productReference = A68FE0EF1953D45A004B98AA /* Pigeon Timer.app */;
			productType = "com.apple.product-type.application";
		};
/* End PBXNativeTarget section */

/* Begin PBXProject section */
		A68FE0E71953D45A004B98AA /* Project object */ = {
			isa = PBXProject;
			attributes = {
				LastUpgradeCheck = 0510;
				ORGANIZATIONNAME = GreatBasinGroup;
				TargetAttributes = {
					A68FE0EE1953D45A004B98AA = {
						DevelopmentTeam = ATU33QTMPM;
						ProvisioningStyle = Automatic;
					};
				};
			};
			buildConfigurationList = A68FE0EA1953D45A004B98AA /* Build configuration list for PBXProject "Pigeon Timer" */;
			compatibilityVersion = "Xcode 3.2";
			developmentRegion = English;
			hasScannedForEncodings = 0;
			knownRegions = (
				English,
				en,
				Base,
			);
			mainGroup = A68FE0E61953D45A004B98AA;
			productRefGroup = A68FE0F01953D45A004B98AA /* Products */;
			projectDirPath = "";
			projectRoot = "";
			targets = (
				A68FE0EE1953D45A004B98AA /* Pigeon Timer */,
			);
		};
/* End PBXProject section */

/* Begin PBXResourcesBuildPhase section */
		A68FE0ED1953D45A004B98AA /* Resources */ = {
			isa = PBXResourcesBuildPhase;
			buildActionMask = 2147483647;
			files = (
				A672E8E51A19C11300BE3B2F /* memo.wav in Resources */,
				A672E8FD1A19C13D00BE3B2F /* stop.png in Resources */,
				A66A72431AD08CEA002EF61A /* ClientSelectDialog.xib in Resources */,
				A672E8F91A19C13D00BE3B2F /* break@2x.png in Resources */,
				A672E9411A19C57D00BE3B2F /* Pigeon Timer-Info.plist in Resources */,
				A672E9441A19C63F00BE3B2F /* Images.xcassets in Resources */,
				A672E8D81A19C0EC00BE3B2F /* BreakEnded.xib in Resources */,
				A672E8EC1A19C12E00BE3B2F /* NewClient.xib in Resources */,
				A672E8FE1A19C13D00BE3B2F /* stop@2x.png in Resources */,
				A672E8E41A19C11300BE3B2F /* long.mp3 in Resources */,
				A672E93C1A19C57D00BE3B2F /* MainMenu.xib in Resources */,
				A672E8E81A19C11300BE3B2F /* tick.mp3 in Resources */,
				A672E91A1A19C18800BE3B2F /* MemoWindow.xib in Resources */,
				A672E8FC1A19C13D00BE3B2F /* red.icns in Resources */,
				A672E93E1A19C57D00BE3B2F /* InfoPlist.strings in Resources */,
				A672E9071A19C14B00BE3B2F /* Preferences.xib in Resources */,
				A672E8FF1A19C13D00BE3B2F /* timer.icns in Resources */,
				A672E8D01A19C0DC00BE3B2F /* StartupCheck.xib in Resources */,
				A672E8F81A19C13D00BE3B2F /* break.png in Resources */,
				A672E8FA1A19C13D00BE3B2F /* pomo.png in Resources */,
				A672E93D1A19C57D00BE3B2F /* Credits.rtf in Resources */,
				A672E8DA1A19C0EC00BE3B2F /* BreakStarted.xib in Resources */,
				A672E8E71A19C11300BE3B2F /* start.mp3 in Resources */,
				A672E8E61A19C11300BE3B2F /* short.mp3 in Resources */,
				A672E8E21A19C11300BE3B2F /* break_end.wav in Resources */,
				A672E8E31A19C11300BE3B2F /* countdown.wav in Resources */,
				A672E9001A19C13D00BE3B2F /* timer.png in Resources */,
				A672E8FB1A19C13D00BE3B2F /* pomo@2x.png in Resources */,
			);
			runOnlyForDeploymentPostprocessing = 0;
		};
/* End PBXResourcesBuildPhase section */

/* Begin PBXSourcesBuildPhase section */
		A68FE0EB1953D45A004B98AA /* Sources */ = {
			isa = PBXSourcesBuildPhase;
			buildActionMask = 2147483647;
			files = (
				A672E9061A19C14B00BE3B2F /* NSFormatter+NumberOnlyFormatter.m in Sources */,
				A672E91C1A19C18800BE3B2F /* SelectableTextView.m in Sources */,
				A672E8CB1A19C0CE00BE3B2F /* PomodoroSound.m in Sources */,
				A672E93F1A19C57D00BE3B2F /* AppDelegate.m in Sources */,
				A672E8ED1A19C12E00BE3B2F /* NewWindow.m in Sources */,
				A672E9421A19C57D00BE3B2F /* TimerApplication.m in Sources */,
				A672E8CF1A19C0DC00BE3B2F /* LaunchUpWindow.m in Sources */,
				5060BBAA23FD40FA00132CA7 /* NSString+SpaceAttributes.m in Sources */,
				A672E8D91A19C0EC00BE3B2F /* BreakStarted.m in Sources */,
				A672E9201A19C1A900BE3B2F /* CHCSVParser.m in Sources */,
				A672E8D71A19C0EC00BE3B2F /* BreakEnded.m in Sources */,
				A672E9191A19C18800BE3B2F /* MemoWindow.m in Sources */,
				A672E90E1A19C16300BE3B2F /* Utilities.m in Sources */,
				A672E8C51A19C0B400BE3B2F /* Logging.m in Sources */,
				A672E9111A19C17400BE3B2F /* TimerDatabase.m in Sources */,
				A672E90D1A19C16300BE3B2F /* NSBundle+LoginItem.m in Sources */,
				A672E91B1A19C18800BE3B2F /* MemoWindowButtonView.m in Sources */,
				A672E8C81A19C0C000BE3B2F /* CustomNSField.m in Sources */,
				A672E9401A19C57D00BE3B2F /* main.m in Sources */,
				A672E9081A19C14B00BE3B2F /* PreferenceWindow.m in Sources */,
				A66A724B1AD09A7E002EF61A /* ReportTableCellView.m in Sources */,
			);
			runOnlyForDeploymentPostprocessing = 0;
		};
/* End PBXSourcesBuildPhase section */

/* Begin PBXVariantGroup section */
		A672E92D1A19C57D00BE3B2F /* MainMenu.xib */ = {
			isa = PBXVariantGroup;
			children = (
				A672E92E1A19C57D00BE3B2F /* Base */,
			);
			name = MainMenu.xib;
			sourceTree = "<group>";
		};
		A672E9301A19C57D00BE3B2F /* Credits.rtf */ = {
			isa = PBXVariantGroup;
			children = (
				A672E9311A19C57D00BE3B2F /* en */,
			);
			name = Credits.rtf;
			sourceTree = "<group>";
		};
		A672E9321A19C57D00BE3B2F /* InfoPlist.strings */ = {
			isa = PBXVariantGroup;
			children = (
				A672E9331A19C57D00BE3B2F /* en */,
			);
			name = InfoPlist.strings;
			sourceTree = "<group>";
		};
/* End PBXVariantGroup section */

/* Begin XCBuildConfiguration section */
		A68FE11E1953D45A004B98AA /* Debug */ = {
			isa = XCBuildConfiguration;
			buildSettings = {
				ALWAYS_SEARCH_USER_PATHS = NO;
				CLANG_CXX_LANGUAGE_STANDARD = "gnu++0x";
				CLANG_CXX_LIBRARY = "libc++";
				CLANG_ENABLE_MODULES = YES;
				CLANG_ENABLE_OBJC_ARC = YES;
				CLANG_WARN_BOOL_CONVERSION = YES;
				CLANG_WARN_CONSTANT_CONVERSION = YES;
				CLANG_WARN_DIRECT_OBJC_ISA_USAGE = YES_ERROR;
				CLANG_WARN_EMPTY_BODY = YES;
				CLANG_WARN_ENUM_CONVERSION = YES;
				CLANG_WARN_INT_CONVERSION = YES;
				CLANG_WARN_OBJC_ROOT_CLASS = YES_ERROR;
				CLANG_WARN__DUPLICATE_METHOD_MATCH = YES;
				COPY_PHASE_STRIP = NO;
				GCC_C_LANGUAGE_STANDARD = gnu99;
				GCC_DYNAMIC_NO_PIC = NO;
				GCC_ENABLE_OBJC_EXCEPTIONS = YES;
				GCC_OPTIMIZATION_LEVEL = 0;
				GCC_PREPROCESSOR_DEFINITIONS = (
					"DEBUG=1",
					"$(inherited)",
				);
				GCC_SYMBOLS_PRIVATE_EXTERN = NO;
				GCC_WARN_64_TO_32_BIT_CONVERSION = YES;
				GCC_WARN_ABOUT_RETURN_TYPE = YES_ERROR;
				GCC_WARN_UNDECLARED_SELECTOR = YES;
				GCC_WARN_UNINITIALIZED_AUTOS = YES_AGGRESSIVE;
				GCC_WARN_UNUSED_FUNCTION = YES;
				GCC_WARN_UNUSED_VARIABLE = YES;
				MACOSX_DEPLOYMENT_TARGET = 10.9;
				ONLY_ACTIVE_ARCH = YES;
				SDKROOT = macosx;
			};
			name = Debug;
		};
		A68FE11F1953D45A004B98AA /* Release */ = {
			isa = XCBuildConfiguration;
			buildSettings = {
				ALWAYS_SEARCH_USER_PATHS = NO;
				CLANG_CXX_LANGUAGE_STANDARD = "gnu++0x";
				CLANG_CXX_LIBRARY = "libc++";
				CLANG_ENABLE_MODULES = YES;
				CLANG_ENABLE_OBJC_ARC = YES;
				CLANG_WARN_BOOL_CONVERSION = YES;
				CLANG_WARN_CONSTANT_CONVERSION = YES;
				CLANG_WARN_DIRECT_OBJC_ISA_USAGE = YES_ERROR;
				CLANG_WARN_EMPTY_BODY = YES;
				CLANG_WARN_ENUM_CONVERSION = YES;
				CLANG_WARN_INT_CONVERSION = YES;
				CLANG_WARN_OBJC_ROOT_CLASS = YES_ERROR;
				CLANG_WARN__DUPLICATE_METHOD_MATCH = YES;
				COPY_PHASE_STRIP = YES;
				DEBUG_INFORMATION_FORMAT = "dwarf-with-dsym";
				ENABLE_NS_ASSERTIONS = NO;
				GCC_C_LANGUAGE_STANDARD = gnu99;
				GCC_ENABLE_OBJC_EXCEPTIONS = YES;
				GCC_WARN_64_TO_32_BIT_CONVERSION = YES;
				GCC_WARN_ABOUT_RETURN_TYPE = YES_ERROR;
				GCC_WARN_UNDECLARED_SELECTOR = YES;
				GCC_WARN_UNINITIALIZED_AUTOS = YES_AGGRESSIVE;
				GCC_WARN_UNUSED_FUNCTION = YES;
				GCC_WARN_UNUSED_VARIABLE = YES;
				MACOSX_DEPLOYMENT_TARGET = 10.9;
				SDKROOT = macosx;
			};
			name = Release;
		};
		A68FE1211953D45A004B98AA /* Debug */ = {
			isa = XCBuildConfiguration;
			buildSettings = {
				ASSETCATALOG_COMPILER_APPICON_NAME = AppIcon;
				CODE_SIGN_IDENTITY = "Apple Development";
				"CODE_SIGN_IDENTITY[sdk=macosx*]" = "Apple Development";
				CODE_SIGN_STYLE = Automatic;
				COMBINE_HIDPI_IMAGES = YES;
				DEVELOPMENT_TEAM = ATU33QTMPM;
				GCC_PRECOMPILE_PREFIX_HEADER = YES;
				GCC_PREFIX_HEADER = "Pigeon Timer/TimerApplication/Pigeon Timer-Prefix.pch";
				INFOPLIST_FILE = "Pigeon Timer/TimerApplication/Pigeon Timer-Info.plist";
				PRODUCT_BUNDLE_IDENTIFIER = com.benallfree.pigeon;
				PRODUCT_NAME = "Pigeon Timer";
				PROVISIONING_PROFILE_SPECIFIER = "";
				WRAPPER_EXTENSION = app;
			};
			name = Debug;
		};
		A68FE1221953D45A004B98AA /* Release */ = {
			isa = XCBuildConfiguration;
			buildSettings = {
				ASSETCATALOG_COMPILER_APPICON_NAME = AppIcon;
				CODE_SIGN_IDENTITY = "Apple Development";
				"CODE_SIGN_IDENTITY[sdk=macosx*]" = "Apple Development";
				CODE_SIGN_STYLE = Automatic;
				COMBINE_HIDPI_IMAGES = YES;
				DEVELOPMENT_TEAM = ATU33QTMPM;
				GCC_PRECOMPILE_PREFIX_HEADER = YES;
				GCC_PREFIX_HEADER = "Pigeon Timer/TimerApplication/Pigeon Timer-Prefix.pch";
				INFOPLIST_FILE = "Pigeon Timer/TimerApplication/Pigeon Timer-Info.plist";
				PRODUCT_BUNDLE_IDENTIFIER = com.benallfree.pigeon;
				PRODUCT_NAME = "Pigeon Timer";
				PROVISIONING_PROFILE_SPECIFIER = "";
				WRAPPER_EXTENSION = app;
			};
			name = Release;
		};
/* End XCBuildConfiguration section */

/* Begin XCConfigurationList section */
		A68FE0EA1953D45A004B98AA /* Build configuration list for PBXProject "Pigeon Timer" */ = {
			isa = XCConfigurationList;
			buildConfigurations = (
				A68FE11E1953D45A004B98AA /* Debug */,
				A68FE11F1953D45A004B98AA /* Release */,
			);
			defaultConfigurationIsVisible = 0;
			defaultConfigurationName = Release;
		};
		A68FE1201953D45A004B98AA /* Build configuration list for PBXNativeTarget "Pigeon Timer" */ = {
			isa = XCConfigurationList;
			buildConfigurations = (
				A68FE1211953D45A004B98AA /* Debug */,
				A68FE1221953D45A004B98AA /* Release */,
			);
			defaultConfigurationIsVisible = 0;
			defaultConfigurationName = Release;
		};
/* End XCConfigurationList section */
	};
	rootObject = A68FE0E71953D45A004B98AA /* Project object */;
}
